github.com/go-chi/chi/v5 v5.0.11 h1:BnpYbFZ3T3S1WMpD79r7R5ThWX40TaFB7L31Y8xqSwA=
github.com/go-chi/chi/v5 v5.0.11/go.mod h1:DslCQbL2OYiznFReuXYUmQ2hGd1aDpCnlMNITLSKoi8=
github.com/jabuta/chirpy/internal/database v0.0.0-20240207022916-abd1cdb142ae h1:TYiMaJ3to3BtVaErqK5xjENdGa13WEcKPIzfQybpgyc=
github.com/jabuta/chirpy/internal/database v0.0.0-20240207022916-abd1cdb142ae/go.mod h1:tzC9M31GEYzvokiYuQ1Umkj+DDFkYIuqDQ+gz5c3Md4=
